{
  "requires": true,
  "lockfileVersion": 1,
  "dependencies": {
    "vue-router": {
      "version": "3.4.8",
      "resolved": "https://registry.npmjs.org/vue-router/-/vue-router-3.4.8.tgz",
      "integrity": "sha512-3BsR84AqarcmweXjItxw3jwQsiYNssYg090yi4rlzTnCJxmHtkyCvhNz9Z7qRSOkmiV485KkUCReTp5AjNY4wg=="
    },
    "vuetify": {
      "version": "2.3.16",
      "resolved": "https://registry.npmjs.org/vuetify/-/vuetify-2.3.16.tgz",
      "integrity": "sha512-LHPqY+Gmyb/75xJscO0a3CuB4ZdpqHLNaGMAbmfTyapI8Q02+hjABEZzitFU/XObD2KhrNWPJzmGZPhbshGUzg=="
    }
  }
}
